
Microsoft Visual Studio Solution File, Format Version 12.00
# Visual Studio Version 17
VisualStudioVersion = 17.9.34728.123
MinimumVisualStudioVersion = 10.0.40219.1
Project("{FAE04EC0-301F-11D3-BF4B-00C04F79EFBC}") = "BuscaCompilado", "BuscaCompilado.csproj", "{48222641-507F-40AA-9822-F0C5C44654EE}"
EndProject
Global
	GlobalSection(SolutionConfigurationPlatforms) = preSolution
		Debug|Any CPU = Debug|Any CPU
		Release|Any CPU = Release|Any CPU
	EndGlobalSection
	GlobalSection(ProjectConfigurationPlatforms) = postSolution
		{48222641-507F-40AA-9822-F0C5C44654EE}.Debug|Any CPU.ActiveCfg = Debug|Any CPU
		{48222641-507F-40AA-9822-F0C5C44654EE}.Debug|Any CPU.Build.0 = Debug|Any CPU
		{48222641-507F-40AA-9822-F0C5C44654EE}.Release|Any CPU.ActiveCfg = Release|Any CPU
		{48222641-507F-40AA-9822-F0C5C44654EE}.Release|Any CPU.Build.0 = Release|Any CPU
	EndGlobalSection
	GlobalSection(SolutionProperties) = preSolution
		HideSolutionNode = FALSE
	EndGlobalSection
	GlobalSection(ExtensibilityGlobals) = postSolution
		SolutionGuid = {8D5A854A-504F-4F95-91CC-749A0628060A}
	EndGlobalSection
EndGlobal
